{
    "version": 3,
    "terraform_version": "0.11.7",
    "serial": 2,
    "lineage": "aa82e85d-fcda-5a27-7d14-bf509aad16e0",
    "modules": [
        {
            "path": [
                "root"
            ],
            "outputs": {
                "kafka_display_names": {
                    "sensitive": false,
                    "type": "list",
                    "value": [
                        "1",
                        "2",
                        "3"
                    ]
                },
                "kafka_private_ips": {
                    "sensitive": false,
                    "type": "list",
                    "value": [
                        "10.0.0.68",
                        "10.0.1.80",
                        "10.0.2.32"
                    ]
                },
                "kafka_public_ips": {
                    "sensitive": false,
                    "type": "list",
                    "value": [
                        "129.146.119.118",
                        "129.146.140.59",
                        "129.146.111.195"
                    ]
                }
            },
            "resources": {
                "data.oci_identity_availability_domains.ad": {
                    "type": "oci_identity_availability_domains",
                    "depends_on": [],
                    "primary": {
                        "id": "2018-07-26 03:01:18.8138166 +0000 UTC",
                        "attributes": {
                            "availability_domains.#": "3",
                            "availability_domains.0.compartment_id": "ocid1.tenancy.oc1..aaaaaaaawgbzspd6cjovpmic7dahwbalg4opcbixgguo6z2s7t335m6lalbq",
                            "availability_domains.0.name": "NyKp:PHX-AD-1",
                            "availability_domains.1.compartment_id": "ocid1.tenancy.oc1..aaaaaaaawgbzspd6cjovpmic7dahwbalg4opcbixgguo6z2s7t335m6lalbq",
                            "availability_domains.1.name": "NyKp:PHX-AD-2",
                            "availability_domains.2.compartment_id": "ocid1.tenancy.oc1..aaaaaaaawgbzspd6cjovpmic7dahwbalg4opcbixgguo6z2s7t335m6lalbq",
                            "availability_domains.2.name": "NyKp:PHX-AD-3",
                            "compartment_id": "ocid1.tenancy.oc1..aaaaaaaawgbzspd6cjovpmic7dahwbalg4opcbixgguo6z2s7t335m6lalbq",
                            "id": "2018-07-26 03:01:18.8138166 +0000 UTC"
                        },
                        "meta": {},
                        "tainted": false
                    },
                    "deposed": [],
                    "provider": "provider.oci"
                },
                "data.template_file.ad_names.0": {
                    "type": "template_file",
                    "depends_on": [
                        "data.oci_identity_availability_domains.ad"
                    ],
                    "primary": {
                        "id": "796258506f9c78662ac036c71a00446f9ad90ff7c9ed50f5153c40db826fc084",
                        "attributes": {
                            "id": "796258506f9c78662ac036c71a00446f9ad90ff7c9ed50f5153c40db826fc084",
                            "rendered": "NyKp:PHX-AD-1",
                            "template": "NyKp:PHX-AD-1"
                        },
                        "meta": {},
                        "tainted": false
                    },
                    "deposed": [],
                    "provider": "provider.template"
                },
                "data.template_file.ad_names.1": {
                    "type": "template_file",
                    "depends_on": [
                        "data.oci_identity_availability_domains.ad"
                    ],
                    "primary": {
                        "id": "31b11fa035f0dffde9b9d63d66c84b12cfd9f76b696e59dd9a92a8f8fbb144c4",
                        "attributes": {
                            "id": "31b11fa035f0dffde9b9d63d66c84b12cfd9f76b696e59dd9a92a8f8fbb144c4",
                            "rendered": "NyKp:PHX-AD-2",
                            "template": "NyKp:PHX-AD-2"
                        },
                        "meta": {},
                        "tainted": false
                    },
                    "deposed": [],
                    "provider": "provider.template"
                },
                "data.template_file.ad_names.2": {
                    "type": "template_file",
                    "depends_on": [
                        "data.oci_identity_availability_domains.ad"
                    ],
                    "primary": {
                        "id": "15b0cd181eb3435a6ef9269e07057b728bb6ecbe97b6f06106702b1300de6bdb",
                        "attributes": {
                            "id": "15b0cd181eb3435a6ef9269e07057b728bb6ecbe97b6f06106702b1300de6bdb",
                            "rendered": "NyKp:PHX-AD-3",
                            "template": "NyKp:PHX-AD-3"
                        },
                        "meta": {},
                        "tainted": false
                    },
                    "deposed": [],
                    "provider": "provider.template"
                }
            },
            "depends_on": []
        },
        {
            "path": [
                "root",
                "kafkas"
            ],
            "outputs": {
                "kafka_display_names": {
                    "sensitive": false,
                    "type": "list",
                    "value": [
                        "1",
                        "2",
                        "3"
                    ]
                },
                "kafka_instance_ids": {
                    "sensitive": false,
                    "type": "list",
                    "value": [
                        "ocid1.instance.oc1.phx.abyhqljseysaepqhyemttm6vfheaju7dnvb2x2jfugrgwuuzimavjvhvk4pq",
                        "ocid1.instance.oc1.phx.abyhqljtytdcejgp4wcdtfa7vi2ec2r4fd2cauvqtrg2a7l7sg4hv4lgtrua",
                        "ocid1.instance.oc1.phx.abyhqljry2mxwrgheykmx36fnw5kabhgkkhenim7d2um37ku7qjmbiifwvca"
                    ]
                },
                "kafka_private_ips": {
                    "sensitive": false,
                    "type": "list",
                    "value": [
                        "10.0.0.68",
                        "10.0.1.80",
                        "10.0.2.32"
                    ]
                },
                "kafka_public_ips": {
                    "sensitive": false,
                    "type": "list",
                    "value": [
                        "129.146.119.118",
                        "129.146.140.59",
                        "129.146.111.195"
                    ]
                }
            },
            "resources": {
                "data.template_file.setup_kafka_cluster": {
                    "type": "template_file",
                    "depends_on": [
                        "local.display_names_list_tmp_str",
                        "local.public_ips_list_tmp_str"
                    ],
                    "primary": {
                        "id": "b1052c1a4dd015d5a60b0fa05352735335f6938c81aa01c37c4c444edfd47bf5",
                        "attributes": {
                            "id": "b1052c1a4dd015d5a60b0fa05352735335f6938c81aa01c37c4c444edfd47bf5",
                            "rendered": "#!/bin/bash\nset -e -x\necho \"=========================================================================\"\necho \"Begin to config Kafka\"\necho \"cluster_ip_list:129.146.119.118 129.146.140.59 129.146.111.195\"\necho \"cluster_display_name_list:1 2 3\"\necho \"number:3\"\n#OLD_IFS=\"$IFS\"\n#IFS=\",\"\n#arr=(129.146.119.118 129.146.140.59 129.146.111.195)\nip_arr=(129.146.119.118 129.146.140.59 129.146.111.195)\nname_arr=(1 2 3)\n#IFS=\"$OLD_IFS\"\narr_length=3\necho \"ip_arr:$ip_arr\"\necho \"name_arr:$name_arr\"\necho \"arr_length:$arr_length\"\nfor((i=1;i\u003c=$arr_length;i++));\ndo\n  ip=$abc{ip_arr[i-1]abc}\n  name=$abc{name_arr[i-1]abc}\n  echo \"ip:$ip\"\n  echo \"name:$name\"\n  sudo sed -i \"s/server.$name=$name.$name.$name.$name/server.$name=$ip/g\" /home/opc/opt/zookeeper/zookeeper-3.4.10/conf/zoo.cfg\n  sudo sed -i \"s/$name.$name.$name.$name/$ip/g\" /home/opc/opt/kafka/kafka_2.12-1.1.0/config/server.properties\ndone\n\ncd /home/opc/opt/zookeeper\nnohup ./zookeeper-3.4.10/bin/zkServer.sh start \u003e /home/opc/zookeeper.out 2\u003e\u00261 \u0026\n\nsleep 60\nnohup /home/opc/opt/kafka/kafka_2.12-1.1.0/bin/kafka-server-start.sh /home/opc/opt/kafka/kafka_2.12-1.1.0/config/server.properties \u003e /home/opc/kafka.out 2\u003e\u00261 \u0026\nsleep 10\necho \"=========================================================================\"\necho \"End to config Kafka\"\n",
                            "template": "#!/bin/bash\nset -e -x\necho \"=========================================================================\"\necho \"Begin to config Kafka\"\necho \"cluster_ip_list:${cluster_ip_list}\"\necho \"cluster_display_name_list:${cluster_display_name_list}\"\necho \"number:${number}\"\n#OLD_IFS=\"$IFS\"\n#IFS=\",\"\n#arr=(${cluster_ip_list})\nip_arr=(${cluster_ip_list})\nname_arr=(${cluster_display_name_list})\n#IFS=\"$OLD_IFS\"\narr_length=${number}\necho \"ip_arr:$ip_arr\"\necho \"name_arr:$name_arr\"\necho \"arr_length:$arr_length\"\nfor((i=1;i\u003c=$arr_length;i++));\ndo\n  ip=$abc{ip_arr[i-1]abc}\n  name=$abc{name_arr[i-1]abc}\n  echo \"ip:$ip\"\n  echo \"name:$name\"\n  sudo sed -i \"s/server.$name=$name.$name.$name.$name/server.$name=$ip/g\" /home/opc/opt/zookeeper/zookeeper-3.4.10/conf/zoo.cfg\n  sudo sed -i \"s/$name.$name.$name.$name/$ip/g\" /home/opc/opt/kafka/kafka_2.12-1.1.0/config/server.properties\ndone\n\ncd /home/opc/opt/zookeeper\nnohup ./zookeeper-3.4.10/bin/zkServer.sh start \u003e /home/opc/zookeeper.out 2\u003e\u00261 \u0026\n\nsleep 60\nnohup /home/opc/opt/kafka/kafka_2.12-1.1.0/bin/kafka-server-start.sh /home/opc/opt/kafka/kafka_2.12-1.1.0/config/server.properties \u003e /home/opc/kafka.out 2\u003e\u00261 \u0026\nsleep 10\necho \"=========================================================================\"\necho \"End to config Kafka\"\n",
                            "vars.%": "3",
                            "vars.cluster_display_name_list": "1 2 3",
                            "vars.cluster_ip_list": "129.146.119.118 129.146.140.59 129.146.111.195",
                            "vars.number": "3"
                        },
                        "meta": {},
                        "tainted": false
                    },
                    "deposed": [],
                    "provider": "provider.template"
                },
                "null_resource.remote-exec-cluster-setup.0": {
                    "type": "null_resource",
                    "depends_on": [
                        "data.template_file.setup_kafka_cluster",
                        "module.kafka-instance"
                    ],
                    "primary": {
                        "id": "3941561536237565415",
                        "attributes": {
                            "id": "3941561536237565415"
                        },
                        "meta": {},
                        "tainted": false
                    },
                    "deposed": [],
                    "provider": "provider.null"
                },
                "null_resource.remote-exec-cluster-setup.1": {
                    "type": "null_resource",
                    "depends_on": [
                        "data.template_file.setup_kafka_cluster",
                        "module.kafka-instance"
                    ],
                    "primary": {
                        "id": "5377611225006388146",
                        "attributes": {
                            "id": "5377611225006388146"
                        },
                        "meta": {},
                        "tainted": false
                    },
                    "deposed": [],
                    "provider": "provider.null"
                },
                "null_resource.remote-exec-cluster-setup.2": {
                    "type": "null_resource",
                    "depends_on": [
                        "data.template_file.setup_kafka_cluster",
                        "module.kafka-instance"
                    ],
                    "primary": {
                        "id": "33380796602292821",
                        "attributes": {
                            "id": "33380796602292821"
                        },
                        "meta": {},
                        "tainted": false
                    },
                    "deposed": [],
                    "provider": "provider.null"
                }
            },
            "depends_on": []
        },
        {
            "path": [
                "root",
                "kafkas",
                "kafka-instance"
            ],
            "outputs": {
                "display_names": {
                    "sensitive": false,
                    "type": "list",
                    "value": [
                        "1",
                        "2",
                        "3"
                    ]
                },
                "ids": {
                    "sensitive": false,
                    "type": "list",
                    "value": [
                        "ocid1.instance.oc1.phx.abyhqljseysaepqhyemttm6vfheaju7dnvb2x2jfugrgwuuzimavjvhvk4pq",
                        "ocid1.instance.oc1.phx.abyhqljtytdcejgp4wcdtfa7vi2ec2r4fd2cauvqtrg2a7l7sg4hv4lgtrua",
                        "ocid1.instance.oc1.phx.abyhqljry2mxwrgheykmx36fnw5kabhgkkhenim7d2um37ku7qjmbiifwvca"
                    ]
                },
                "private_ips": {
                    "sensitive": false,
                    "type": "list",
                    "value": [
                        "10.0.0.68",
                        "10.0.1.80",
                        "10.0.2.32"
                    ]
                },
                "public_ips": {
                    "sensitive": false,
                    "type": "list",
                    "value": [
                        "129.146.119.118",
                        "129.146.140.59",
                        "129.146.111.195"
                    ]
                }
            },
            "resources": {
                "data.template_file.kafka_setup": {
                    "type": "template_file",
                    "depends_on": [],
                    "primary": {
                        "id": "f583eed77fe5c622e52651f04e0fdcd69a5c806c67c74e1e408f1578b5a18cf9",
                        "attributes": {
                            "id": "f583eed77fe5c622e52651f04e0fdcd69a5c806c67c74e1e408f1578b5a18cf9",
                            "rendered": "#!/bin/bash\nset -e -x\nfunction installJava() {\n  echo \"=======================================================================\"\n  echo \"Begin to install Java\"\n\n  sudo yum -y install java-1.8.0-openjdk*\n  java_version=`java -version 2\u003e\u00261 \u003e/dev/null | grep 'version' | awk '{print $3}'`\n  echo $java_version\n  if [[ $java_version == \"\\\"1.8.0_\"* ]] ;\n    then\n      echo \"Install java success.\"\n    else\n      echo \"Failed to install java.\"\n    fi\n\n  echo \"=======================================================================\"\n}\n\n\nfunction installZookeeper() {\n  echo \"=========================================================================\"\n  echo \"Begin to install Zookeeper\"\n\n  cd ~\n  mkdir opt\n  cd ~/opt\n  mkdir zookeeper\n  cd ~/opt/zookeeper/\n  mkdir zkdata\n  mkdir zkdatalog\n  wget http://mirrors.cnnic.cn/apache/zookeeper/zookeeper-3.4.10/zookeeper-3.4.10.tar.gz\n  tar -zxvf zookeeper-3.4.10.tar.gz\n  cd ~/opt/zookeeper/zookeeper-3.4.10/conf\n  cp zoo_sample.cfg zoo.cfg\n\n  echo \"zookeeper_client_port:12181\"\n  echo \"zookeeper_internal_port:12888\"\n  echo \"zookeeper_poll_port:13888\"\n  echo \"number_of_kafka:3\"\n  echo \"displya_name:$1\"\n\n  sudo firewall-cmd --zone=public --add-port=12181/tcp --permanent\n  sudo firewall-cmd --zone=public --add-port=12888/tcp --permanent\n  sudo firewall-cmd --zone=public --add-port=13888/tcp --permanent\n  sudo firewall-cmd --reload\n\n  chmod 666 zoo.cfg\n\n  sed -i  's/dataDir=\\/tmp\\/zookeeper/dataDir=\\/home\\/opc\\/opt\\/zookeeper\\/zkdata/g' zoo.cfg\n  sed -i \"s/clientPort=2181/clientPort=12181/g\" zoo.cfg\n  echo 'dataLogDir=/home/opc/opt/zookeeper/zkdatalog' \u003e\u003e zoo.cfg\n\n  for i in `seq 3`\n    do\n      if((i==$1))\n      then\n        echo \"server.$i=0.0.0.0:12888:13888\" \u003e\u003e zoo.cfg\n        continue\n      else\n        echo \"server.$i=$i.$i.$i.$i:12888:13888\" \u003e\u003e zoo.cfg\n        continue\n      fi\n  done\n\n  sudo echo \"$1\" \u003e ~/opt/zookeeper/zkdata/myid\n\n}\n\nfunction installkafka() {\n  echo \"=========================================================================\"\n  echo \"Begin to install Kafka\"\n\n  cd ~/opt\n  mkdir kafka\n  cd kafka\n  mkdir kafkalogs\n  wget http://ftp.jaist.ac.jp/pub/apache/kafka/1.1.0/kafka_2.12-1.1.0.tgz\n  tar -xzf kafka_2.12-1.1.0.tgz\n  cd ~/opt/kafka/kafka_2.12-1.1.0/config/\n\n  echo \"kafka_client_port:19092\"\n  echo \"number_of_kafka:3\"\n\n  sudo firewall-cmd --zone=public --add-port=19092/tcp --permanent\n  sudo firewall-cmd --reload\n\n  chmod 666 server.properties\n\n  sed -i  \"s/broker.id=0/broker.id=$1/g\" server.properties\n  sed -i \"s/log.dirs=\\/tmp\\/kafka-logs/log.dirs=\\/home\\/opc\\/opt\\/kafka\\/kafkalogs/g\" server.properties\n  echo '' \u003e\u003eserver.properties\n  echo \"port=19092\" \u003e\u003e server.properties\n  echo 'message.max.byte=5242880' \u003e\u003e server.properties\n  echo 'default.replication.factor=2' \u003e\u003e server.properties\n  echo 'replica.fetch.max.bytes=5242880' \u003e\u003e server.properties\n\n  zookeeperConn=\"\"\n  for i in `seq 3`\n    do\n      if((i\u003c3))\n      then\n        zookeeperConn=$zookeeperConn$i.$i.$i.$i:12181,\n        continue\n      else\n        zookeeperConn=$zookeeperConn$i.$i.$i.$i:12181\n        continue\n      fi\n  done\n\n  echo \"zookeeperConn is $zookeeperConn\"\n  sed -i \"s/zookeeper.connect=localhost:2181/zookeeper.connect=$zookeeperConn/g\" server.properties\n\n}\n\necho \"===================================================================================\"\necho \"Begin to setup kafka instance\"\necho \"aaa:$#\"\necho \"aaa:$*\"\necho \"aaa:$1\"\n\n# Install Java\ninstallJava\n\n#Install Zookeeper\ninstallZookeeper $1\n\n#Install Zookeeper\ninstallkafka $1\n\necho \"End to setup kafka instance\"\necho \"===================================================================================\"\n",
                            "template": "#!/bin/bash\nset -e -x\nfunction installJava() {\n  echo \"=======================================================================\"\n  echo \"Begin to install Java\"\n\n  sudo yum -y install java-1.8.0-openjdk*\n  java_version=`java -version 2\u003e\u00261 \u003e/dev/null | grep 'version' | awk '{print $3}'`\n  echo $java_version\n  if [[ $java_version == \"\\\"1.8.0_\"* ]] ;\n    then\n      echo \"Install java success.\"\n    else\n      echo \"Failed to install java.\"\n    fi\n\n  echo \"=======================================================================\"\n}\n\n\nfunction installZookeeper() {\n  echo \"=========================================================================\"\n  echo \"Begin to install Zookeeper\"\n\n  cd ~\n  mkdir opt\n  cd ~/opt\n  mkdir zookeeper\n  cd ~/opt/zookeeper/\n  mkdir zkdata\n  mkdir zkdatalog\n  wget http://mirrors.cnnic.cn/apache/zookeeper/zookeeper-3.4.10/zookeeper-3.4.10.tar.gz\n  tar -zxvf zookeeper-3.4.10.tar.gz\n  cd ~/opt/zookeeper/zookeeper-3.4.10/conf\n  cp zoo_sample.cfg zoo.cfg\n\n  echo \"zookeeper_client_port:${zookeeper_client_port}\"\n  echo \"zookeeper_internal_port:${zookeeper_internal_port}\"\n  echo \"zookeeper_poll_port:${zookeeper_poll_port}\"\n  echo \"number_of_kafka:${number_of_kafka}\"\n  echo \"displya_name:$1\"\n\n  sudo firewall-cmd --zone=public --add-port=${zookeeper_client_port}/tcp --permanent\n  sudo firewall-cmd --zone=public --add-port=${zookeeper_internal_port}/tcp --permanent\n  sudo firewall-cmd --zone=public --add-port=${zookeeper_poll_port}/tcp --permanent\n  sudo firewall-cmd --reload\n\n  chmod 666 zoo.cfg\n\n  sed -i  's/dataDir=\\/tmp\\/zookeeper/dataDir=\\/home\\/opc\\/opt\\/zookeeper\\/zkdata/g' zoo.cfg\n  sed -i \"s/clientPort=2181/clientPort=${zookeeper_client_port}/g\" zoo.cfg\n  echo 'dataLogDir=/home/opc/opt/zookeeper/zkdatalog' \u003e\u003e zoo.cfg\n\n  for i in `seq ${number_of_kafka}`\n    do\n      if((i==$1))\n      then\n        echo \"server.$i=0.0.0.0:${zookeeper_internal_port}:${zookeeper_poll_port}\" \u003e\u003e zoo.cfg\n        continue\n      else\n        echo \"server.$i=$i.$i.$i.$i:${zookeeper_internal_port}:${zookeeper_poll_port}\" \u003e\u003e zoo.cfg\n        continue\n      fi\n  done\n\n  sudo echo \"$1\" \u003e ~/opt/zookeeper/zkdata/myid\n\n}\n\nfunction installkafka() {\n  echo \"=========================================================================\"\n  echo \"Begin to install Kafka\"\n\n  cd ~/opt\n  mkdir kafka\n  cd kafka\n  mkdir kafkalogs\n  wget http://ftp.jaist.ac.jp/pub/apache/kafka/1.1.0/kafka_2.12-1.1.0.tgz\n  tar -xzf kafka_2.12-1.1.0.tgz\n  cd ~/opt/kafka/kafka_2.12-1.1.0/config/\n\n  echo \"kafka_client_port:${kafka_client_port}\"\n  echo \"number_of_kafka:${number_of_kafka}\"\n\n  sudo firewall-cmd --zone=public --add-port=${kafka_client_port}/tcp --permanent\n  sudo firewall-cmd --reload\n\n  chmod 666 server.properties\n\n  sed -i  \"s/broker.id=0/broker.id=$1/g\" server.properties\n  sed -i \"s/log.dirs=\\/tmp\\/kafka-logs/log.dirs=\\/home\\/opc\\/opt\\/kafka\\/kafkalogs/g\" server.properties\n  echo '' \u003e\u003eserver.properties\n  echo \"port=${kafka_client_port}\" \u003e\u003e server.properties\n  echo 'message.max.byte=5242880' \u003e\u003e server.properties\n  echo 'default.replication.factor=2' \u003e\u003e server.properties\n  echo 'replica.fetch.max.bytes=5242880' \u003e\u003e server.properties\n\n  zookeeperConn=\"\"\n  for i in `seq ${number_of_kafka}`\n    do\n      if((i\u003c${number_of_kafka}))\n      then\n        zookeeperConn=$zookeeperConn$i.$i.$i.$i:${zookeeper_client_port},\n        continue\n      else\n        zookeeperConn=$zookeeperConn$i.$i.$i.$i:${zookeeper_client_port}\n        continue\n      fi\n  done\n\n  echo \"zookeeperConn is $zookeeperConn\"\n  sed -i \"s/zookeeper.connect=localhost:2181/zookeeper.connect=$zookeeperConn/g\" server.properties\n\n}\n\necho \"===================================================================================\"\necho \"Begin to setup kafka instance\"\necho \"aaa:$#\"\necho \"aaa:$*\"\necho \"aaa:$1\"\n\n# Install Java\ninstallJava\n\n#Install Zookeeper\ninstallZookeeper $1\n\n#Install Zookeeper\ninstallkafka $1\n\necho \"End to setup kafka instance\"\necho \"===================================================================================\"\n",
                            "vars.%": "5",
                            "vars.kafka_client_port": "19092",
                            "vars.number_of_kafka": "3",
                            "vars.zookeeper_client_port": "12181",
                            "vars.zookeeper_internal_port": "12888",
                            "vars.zookeeper_poll_port": "13888"
                        },
                        "meta": {},
                        "tainted": false
                    },
                    "deposed": [],
                    "provider": "provider.template"
                },
                "oci_core_instance.TFKafkaNode.0": {
                    "type": "oci_core_instance",
                    "depends_on": [
                        "data.template_file.kafka_setup"
                    ],
                    "primary": {
                        "id": "ocid1.instance.oc1.phx.abyhqljseysaepqhyemttm6vfheaju7dnvb2x2jfugrgwuuzimavjvhvk4pq",
                        "attributes": {
                            "availability_domain": "NyKp:PHX-AD-1",
                            "boot_volume_id": "ocid1.bootvolume.oc1.phx.abyhqljssuq67o73wp7jywqlqzbz3xtqhxudzy6ow57awh7nkg3m2x75rala",
                            "compartment_id": "ocid1.compartment.oc1..aaaaaaaawzlfllc7kkf62dzkes75urrxfxppz5fjphx27a7k5fk5jnzvyhiq",
                            "create_vnic_details.#": "1",
                            "create_vnic_details.0.assign_public_ip": "true",
                            "create_vnic_details.0.defined_tags.%": "0",
                            "create_vnic_details.0.display_name": "1",
                            "create_vnic_details.0.freeform_tags.%": "0",
                            "create_vnic_details.0.hostname_label": "host-10-0-0-68",
                            "create_vnic_details.0.private_ip": "10.0.0.68",
                            "create_vnic_details.0.skip_source_dest_check": "false",
                            "create_vnic_details.0.subnet_id": "ocid1.subnet.oc1.phx.aaaaaaaamdrtxxug7qv72cbwqhbw3sle3axq6irj26xapcg2fix7gsum6xoa",
                            "defined_tags.%": "0",
                            "display_name": "1",
                            "freeform_tags.%": "0",
                            "hostname_label": "host-10-0-0-68",
                            "id": "ocid1.instance.oc1.phx.abyhqljseysaepqhyemttm6vfheaju7dnvb2x2jfugrgwuuzimavjvhvk4pq",
                            "image": "ocid1.image.oc1.phx.aaaaaaaaxyc7rpmh3v4yyuxcdjndofxuuus4iwd7a7wjc63u2ykycojr5djq",
                            "launch_mode": "NATIVE",
                            "launch_options.#": "1",
                            "launch_options.0.boot_volume_type": "ISCSI",
                            "launch_options.0.firmware": "UEFI_64",
                            "launch_options.0.network_type": "VFIO",
                            "launch_options.0.remote_data_volume_type": "PARAVIRTUALIZED",
                            "metadata.%": "1",
                            "metadata.ssh_authorized_keys": "ssh-rsa AAAAB3NzaC1yc2EAAAADAQABAAACAQDNDcmroYnfnm1mFxHDCRQdiVfEKmMt6C+XMqbiV2GsjzsVcPPnggwZ+Bnl+yr3zRPvhC4IzKw+xRFOhEP5mOrp8Tx86HYNkQd+zwEhlp0kz9hrToZQK6CMv6+gaJt2UG6D7K5vjQ6F52UQvo29gimQ8Fmo/1DPpSV2hxKdooyqdCq1+G90C6qLlem/v9LkCkGMUbM+b5xktXmMAOQOYRM7J3O0Alo7nAkc8qHxeI9nFh4W0Aa09fkL5mN9lTfaWuud2V2ov7Ev5/brtjdpgTyd/Ip4cEz+rPZ++GKR0kS1NCKGZbQboApkFbKUT2ElsZ3Ovw0d8XpjOzTpKUclCskf6nZbwLOdS1MdfmLfHPNPYIyBYgAXBQn8GYZnjulwI8mzymW+mByITYQufsGt1ZeEOSg/tWQF7tzDMKPUcttyzjdePzV5rlHgvAfgpSOM3ljMWXAnSgr4jsHVBeEtycl7EJDMByzYZjmmUfYpLN1HP6+NsOzqx7XhjfC47Wc7ygg2JJRFoMRTLRxnonG6YuJtEGl7LHUdCTNgjpMcdX22fZ/LVIqwtz5V3pzFSYef7c7D4kRRueh9v1orhacCIbHUznbMPRGmUFNUw74fQtfc5NzIqmhDyT6a7vI2HfJGeSDAqcgYTWPipBt7/ne6nhd0xF4xl5GcpQdDS04K0lPpTQ== jin.xu@oracle.com\n",
                            "private_ip": "10.0.0.68",
                            "public_ip": "129.146.119.118",
                            "region": "phx",
                            "shape": "VM.Standard1.1",
                            "source_details.#": "1",
                            "source_details.0.boot_volume_size_in_gbs": "47",
                            "source_details.0.source_id": "ocid1.image.oc1.phx.aaaaaaaaxyc7rpmh3v4yyuxcdjndofxuuus4iwd7a7wjc63u2ykycojr5djq",
                            "source_details.0.source_type": "image",
                            "state": "RUNNING",
                            "subnet_id": "ocid1.subnet.oc1.phx.aaaaaaaamdrtxxug7qv72cbwqhbw3sle3axq6irj26xapcg2fix7gsum6xoa",
                            "time_created": "2018-07-26 03:01:25.618 +0000 UTC"
                        },
                        "meta": {
                            "e2bfb730-ecaa-11e6-8f88-34363bc7c4c0": {
                                "create": 7200000000000,
                                "delete": 7200000000000,
                                "update": 7200000000000
                            }
                        },
                        "tainted": false
                    },
                    "deposed": [],
                    "provider": "provider.oci"
                },
                "oci_core_instance.TFKafkaNode.1": {
                    "type": "oci_core_instance",
                    "depends_on": [
                        "data.template_file.kafka_setup"
                    ],
                    "primary": {
                        "id": "ocid1.instance.oc1.phx.abyhqljtytdcejgp4wcdtfa7vi2ec2r4fd2cauvqtrg2a7l7sg4hv4lgtrua",
                        "attributes": {
                            "availability_domain": "NyKp:PHX-AD-2",
                            "boot_volume_id": "ocid1.bootvolume.oc1.phx.abyhqljtq7chh7yqq42dv25gfsjajfit4hvl7sfsu3jfh2jjwnc7qnqrg64a",
                            "compartment_id": "ocid1.compartment.oc1..aaaaaaaawzlfllc7kkf62dzkes75urrxfxppz5fjphx27a7k5fk5jnzvyhiq",
                            "create_vnic_details.#": "1",
                            "create_vnic_details.0.assign_public_ip": "true",
                            "create_vnic_details.0.defined_tags.%": "0",
                            "create_vnic_details.0.display_name": "2",
                            "create_vnic_details.0.freeform_tags.%": "0",
                            "create_vnic_details.0.hostname_label": "host-10-0-1-80",
                            "create_vnic_details.0.private_ip": "10.0.1.80",
                            "create_vnic_details.0.skip_source_dest_check": "false",
                            "create_vnic_details.0.subnet_id": "ocid1.subnet.oc1.phx.aaaaaaaaaqvypodhwi5zpfspmuvu6s2sm2yzjy4fpzo4jau4vnzzwjh3476a",
                            "defined_tags.%": "0",
                            "display_name": "2",
                            "freeform_tags.%": "0",
                            "hostname_label": "host-10-0-1-80",
                            "id": "ocid1.instance.oc1.phx.abyhqljtytdcejgp4wcdtfa7vi2ec2r4fd2cauvqtrg2a7l7sg4hv4lgtrua",
                            "image": "ocid1.image.oc1.phx.aaaaaaaaxyc7rpmh3v4yyuxcdjndofxuuus4iwd7a7wjc63u2ykycojr5djq",
                            "launch_mode": "NATIVE",
                            "launch_options.#": "1",
                            "launch_options.0.boot_volume_type": "ISCSI",
                            "launch_options.0.firmware": "UEFI_64",
                            "launch_options.0.network_type": "VFIO",
                            "launch_options.0.remote_data_volume_type": "PARAVIRTUALIZED",
                            "metadata.%": "1",
                            "metadata.ssh_authorized_keys": "ssh-rsa AAAAB3NzaC1yc2EAAAADAQABAAACAQDNDcmroYnfnm1mFxHDCRQdiVfEKmMt6C+XMqbiV2GsjzsVcPPnggwZ+Bnl+yr3zRPvhC4IzKw+xRFOhEP5mOrp8Tx86HYNkQd+zwEhlp0kz9hrToZQK6CMv6+gaJt2UG6D7K5vjQ6F52UQvo29gimQ8Fmo/1DPpSV2hxKdooyqdCq1+G90C6qLlem/v9LkCkGMUbM+b5xktXmMAOQOYRM7J3O0Alo7nAkc8qHxeI9nFh4W0Aa09fkL5mN9lTfaWuud2V2ov7Ev5/brtjdpgTyd/Ip4cEz+rPZ++GKR0kS1NCKGZbQboApkFbKUT2ElsZ3Ovw0d8XpjOzTpKUclCskf6nZbwLOdS1MdfmLfHPNPYIyBYgAXBQn8GYZnjulwI8mzymW+mByITYQufsGt1ZeEOSg/tWQF7tzDMKPUcttyzjdePzV5rlHgvAfgpSOM3ljMWXAnSgr4jsHVBeEtycl7EJDMByzYZjmmUfYpLN1HP6+NsOzqx7XhjfC47Wc7ygg2JJRFoMRTLRxnonG6YuJtEGl7LHUdCTNgjpMcdX22fZ/LVIqwtz5V3pzFSYef7c7D4kRRueh9v1orhacCIbHUznbMPRGmUFNUw74fQtfc5NzIqmhDyT6a7vI2HfJGeSDAqcgYTWPipBt7/ne6nhd0xF4xl5GcpQdDS04K0lPpTQ== jin.xu@oracle.com\n",
                            "private_ip": "10.0.1.80",
                            "public_ip": "129.146.140.59",
                            "region": "phx",
                            "shape": "VM.Standard1.1",
                            "source_details.#": "1",
                            "source_details.0.boot_volume_size_in_gbs": "47",
                            "source_details.0.source_id": "ocid1.image.oc1.phx.aaaaaaaaxyc7rpmh3v4yyuxcdjndofxuuus4iwd7a7wjc63u2ykycojr5djq",
                            "source_details.0.source_type": "image",
                            "state": "RUNNING",
                            "subnet_id": "ocid1.subnet.oc1.phx.aaaaaaaaaqvypodhwi5zpfspmuvu6s2sm2yzjy4fpzo4jau4vnzzwjh3476a",
                            "time_created": "2018-07-26 03:01:27.368 +0000 UTC"
                        },
                        "meta": {
                            "e2bfb730-ecaa-11e6-8f88-34363bc7c4c0": {
                                "create": 7200000000000,
                                "delete": 7200000000000,
                                "update": 7200000000000
                            }
                        },
                        "tainted": false
                    },
                    "deposed": [],
                    "provider": "provider.oci"
                },
                "oci_core_instance.TFKafkaNode.2": {
                    "type": "oci_core_instance",
                    "depends_on": [
                        "data.template_file.kafka_setup"
                    ],
                    "primary": {
                        "id": "ocid1.instance.oc1.phx.abyhqljry2mxwrgheykmx36fnw5kabhgkkhenim7d2um37ku7qjmbiifwvca",
                        "attributes": {
                            "availability_domain": "NyKp:PHX-AD-3",
                            "boot_volume_id": "ocid1.bootvolume.oc1.phx.abyhqljrhnej5xavaunxqk5kq2fvephwly5vxcolewer63v7pycv5hpldbqq",
                            "compartment_id": "ocid1.compartment.oc1..aaaaaaaawzlfllc7kkf62dzkes75urrxfxppz5fjphx27a7k5fk5jnzvyhiq",
                            "create_vnic_details.#": "1",
                            "create_vnic_details.0.assign_public_ip": "true",
                            "create_vnic_details.0.defined_tags.%": "0",
                            "create_vnic_details.0.display_name": "3",
                            "create_vnic_details.0.freeform_tags.%": "0",
                            "create_vnic_details.0.hostname_label": "host-10-0-2-32",
                            "create_vnic_details.0.private_ip": "10.0.2.32",
                            "create_vnic_details.0.skip_source_dest_check": "false",
                            "create_vnic_details.0.subnet_id": "ocid1.subnet.oc1.phx.aaaaaaaaats3obrnczlkkbnvhwzy6qc425iqo3mybvmh4eaikmw5r74ng35a",
                            "defined_tags.%": "0",
                            "display_name": "3",
                            "freeform_tags.%": "0",
                            "hostname_label": "host-10-0-2-32",
                            "id": "ocid1.instance.oc1.phx.abyhqljry2mxwrgheykmx36fnw5kabhgkkhenim7d2um37ku7qjmbiifwvca",
                            "image": "ocid1.image.oc1.phx.aaaaaaaaxyc7rpmh3v4yyuxcdjndofxuuus4iwd7a7wjc63u2ykycojr5djq",
                            "launch_mode": "NATIVE",
                            "launch_options.#": "1",
                            "launch_options.0.boot_volume_type": "ISCSI",
                            "launch_options.0.firmware": "UEFI_64",
                            "launch_options.0.network_type": "VFIO",
                            "launch_options.0.remote_data_volume_type": "PARAVIRTUALIZED",
                            "metadata.%": "1",
                            "metadata.ssh_authorized_keys": "ssh-rsa AAAAB3NzaC1yc2EAAAADAQABAAACAQDNDcmroYnfnm1mFxHDCRQdiVfEKmMt6C+XMqbiV2GsjzsVcPPnggwZ+Bnl+yr3zRPvhC4IzKw+xRFOhEP5mOrp8Tx86HYNkQd+zwEhlp0kz9hrToZQK6CMv6+gaJt2UG6D7K5vjQ6F52UQvo29gimQ8Fmo/1DPpSV2hxKdooyqdCq1+G90C6qLlem/v9LkCkGMUbM+b5xktXmMAOQOYRM7J3O0Alo7nAkc8qHxeI9nFh4W0Aa09fkL5mN9lTfaWuud2V2ov7Ev5/brtjdpgTyd/Ip4cEz+rPZ++GKR0kS1NCKGZbQboApkFbKUT2ElsZ3Ovw0d8XpjOzTpKUclCskf6nZbwLOdS1MdfmLfHPNPYIyBYgAXBQn8GYZnjulwI8mzymW+mByITYQufsGt1ZeEOSg/tWQF7tzDMKPUcttyzjdePzV5rlHgvAfgpSOM3ljMWXAnSgr4jsHVBeEtycl7EJDMByzYZjmmUfYpLN1HP6+NsOzqx7XhjfC47Wc7ygg2JJRFoMRTLRxnonG6YuJtEGl7LHUdCTNgjpMcdX22fZ/LVIqwtz5V3pzFSYef7c7D4kRRueh9v1orhacCIbHUznbMPRGmUFNUw74fQtfc5NzIqmhDyT6a7vI2HfJGeSDAqcgYTWPipBt7/ne6nhd0xF4xl5GcpQdDS04K0lPpTQ== jin.xu@oracle.com\n",
                            "private_ip": "10.0.2.32",
                            "public_ip": "129.146.111.195",
                            "region": "phx",
                            "shape": "VM.Standard1.1",
                            "source_details.#": "1",
                            "source_details.0.boot_volume_size_in_gbs": "47",
                            "source_details.0.source_id": "ocid1.image.oc1.phx.aaaaaaaaxyc7rpmh3v4yyuxcdjndofxuuus4iwd7a7wjc63u2ykycojr5djq",
                            "source_details.0.source_type": "image",
                            "state": "RUNNING",
                            "subnet_id": "ocid1.subnet.oc1.phx.aaaaaaaaats3obrnczlkkbnvhwzy6qc425iqo3mybvmh4eaikmw5r74ng35a",
                            "time_created": "2018-07-26 03:01:26.924 +0000 UTC"
                        },
                        "meta": {
                            "e2bfb730-ecaa-11e6-8f88-34363bc7c4c0": {
                                "create": 7200000000000,
                                "delete": 7200000000000,
                                "update": 7200000000000
                            }
                        },
                        "tainted": false
                    },
                    "deposed": [],
                    "provider": "provider.oci"
                }
            },
            "depends_on": []
        }
    ]
}
