{
    "version": 3,
    "terraform_version": "0.11.7",
    "serial": 2,
    "lineage": "beeee0bc-0bc6-a27e-0233-313e8db97f19",
    "modules": [
        {
            "path": [
                "root"
            ],
            "outputs": {
                "kafka_display_names": {
                    "sensitive": false,
                    "type": "list",
                    "value": [
                        "1",
                        "2",
                        "3"
                    ]
                },
                "kafka_private_ips": {
                    "sensitive": false,
                    "type": "list",
                    "value": [
                        "10.0.30.2",
                        "10.0.31.2",
                        "10.0.32.2"
                    ]
                },
                "kafka_public_ips": {
                    "sensitive": false,
                    "type": "list",
                    "value": [
                        "129.146.74.154",
                        "129.146.133.253",
                        "129.146.70.244"
                    ]
                }
            },
            "resources": {
                "data.oci_identity_availability_domains.ad": {
                    "type": "oci_identity_availability_domains",
                    "depends_on": [],
                    "primary": {
                        "id": "2018-07-26 05:37:32.1234815 +0000 UTC",
                        "attributes": {
                            "availability_domains.#": "3",
                            "availability_domains.0.compartment_id": "ocid1.tenancy.oc1..aaaaaaaawgbzspd6cjovpmic7dahwbalg4opcbixgguo6z2s7t335m6lalbq",
                            "availability_domains.0.name": "NyKp:PHX-AD-1",
                            "availability_domains.1.compartment_id": "ocid1.tenancy.oc1..aaaaaaaawgbzspd6cjovpmic7dahwbalg4opcbixgguo6z2s7t335m6lalbq",
                            "availability_domains.1.name": "NyKp:PHX-AD-2",
                            "availability_domains.2.compartment_id": "ocid1.tenancy.oc1..aaaaaaaawgbzspd6cjovpmic7dahwbalg4opcbixgguo6z2s7t335m6lalbq",
                            "availability_domains.2.name": "NyKp:PHX-AD-3",
                            "compartment_id": "ocid1.tenancy.oc1..aaaaaaaawgbzspd6cjovpmic7dahwbalg4opcbixgguo6z2s7t335m6lalbq",
                            "id": "2018-07-26 05:37:32.1234815 +0000 UTC"
                        },
                        "meta": {},
                        "tainted": false
                    },
                    "deposed": [],
                    "provider": "provider.oci"
                },
                "data.template_file.ad_names.0": {
                    "type": "template_file",
                    "depends_on": [
                        "data.oci_identity_availability_domains.ad"
                    ],
                    "primary": {
                        "id": "796258506f9c78662ac036c71a00446f9ad90ff7c9ed50f5153c40db826fc084",
                        "attributes": {
                            "id": "796258506f9c78662ac036c71a00446f9ad90ff7c9ed50f5153c40db826fc084",
                            "rendered": "NyKp:PHX-AD-1",
                            "template": "NyKp:PHX-AD-1"
                        },
                        "meta": {},
                        "tainted": false
                    },
                    "deposed": [],
                    "provider": "provider.template"
                },
                "data.template_file.ad_names.1": {
                    "type": "template_file",
                    "depends_on": [
                        "data.oci_identity_availability_domains.ad"
                    ],
                    "primary": {
                        "id": "31b11fa035f0dffde9b9d63d66c84b12cfd9f76b696e59dd9a92a8f8fbb144c4",
                        "attributes": {
                            "id": "31b11fa035f0dffde9b9d63d66c84b12cfd9f76b696e59dd9a92a8f8fbb144c4",
                            "rendered": "NyKp:PHX-AD-2",
                            "template": "NyKp:PHX-AD-2"
                        },
                        "meta": {},
                        "tainted": false
                    },
                    "deposed": [],
                    "provider": "provider.template"
                },
                "data.template_file.ad_names.2": {
                    "type": "template_file",
                    "depends_on": [
                        "data.oci_identity_availability_domains.ad"
                    ],
                    "primary": {
                        "id": "15b0cd181eb3435a6ef9269e07057b728bb6ecbe97b6f06106702b1300de6bdb",
                        "attributes": {
                            "id": "15b0cd181eb3435a6ef9269e07057b728bb6ecbe97b6f06106702b1300de6bdb",
                            "rendered": "NyKp:PHX-AD-3",
                            "template": "NyKp:PHX-AD-3"
                        },
                        "meta": {},
                        "tainted": false
                    },
                    "deposed": [],
                    "provider": "provider.template"
                },
                "oci_core_internet_gateway.IG": {
                    "type": "oci_core_internet_gateway",
                    "depends_on": [
                        "oci_core_virtual_network.VCN"
                    ],
                    "primary": {
                        "id": "ocid1.internetgateway.oc1.phx.aaaaaaaajmk7vf4noxn3vehccyhwy6cvlho4zhvnqb3vv2ikiy4wtts42haa",
                        "attributes": {
                            "compartment_id": "ocid1.compartment.oc1..aaaaaaaawzlfllc7kkf62dzkes75urrxfxppz5fjphx27a7k5fk5jnzvyhiq",
                            "defined_tags.%": "0",
                            "display_name": "IG",
                            "enabled": "true",
                            "freeform_tags.%": "0",
                            "id": "ocid1.internetgateway.oc1.phx.aaaaaaaajmk7vf4noxn3vehccyhwy6cvlho4zhvnqb3vv2ikiy4wtts42haa",
                            "state": "AVAILABLE",
                            "time_created": "2018-07-26 05:49:58.265 +0000 UTC",
                            "vcn_id": "ocid1.vcn.oc1.phx.aaaaaaaamrwc455caq547a36t7hb43o5m3qqdmdek7ayrtnwmiwh6l7j4w6q"
                        },
                        "meta": {
                            "e2bfb730-ecaa-11e6-8f88-34363bc7c4c0": {
                                "create": 900000000000,
                                "delete": 900000000000,
                                "update": 900000000000
                            }
                        },
                        "tainted": false
                    },
                    "deposed": [],
                    "provider": "provider.oci"
                },
                "oci_core_route_table.RT": {
                    "type": "oci_core_route_table",
                    "depends_on": [
                        "oci_core_internet_gateway.IG",
                        "oci_core_virtual_network.VCN"
                    ],
                    "primary": {
                        "id": "ocid1.routetable.oc1.phx.aaaaaaaa22wp7rrgo2sic3gyjvdskank3n7z4rba7wiaw6nmomokz4ezqcha",
                        "attributes": {
                            "compartment_id": "ocid1.compartment.oc1..aaaaaaaawzlfllc7kkf62dzkes75urrxfxppz5fjphx27a7k5fk5jnzvyhiq",
                            "defined_tags.%": "0",
                            "display_name": "RouteTable",
                            "freeform_tags.%": "0",
                            "id": "ocid1.routetable.oc1.phx.aaaaaaaa22wp7rrgo2sic3gyjvdskank3n7z4rba7wiaw6nmomokz4ezqcha",
                            "route_rules.#": "1",
                            "route_rules.2332180612.cidr_block": "0.0.0.0/0",
                            "route_rules.2332180612.destination": "0.0.0.0/0",
                            "route_rules.2332180612.destination_type": "CIDR_BLOCK",
                            "route_rules.2332180612.network_entity_id": "ocid1.internetgateway.oc1.phx.aaaaaaaajmk7vf4noxn3vehccyhwy6cvlho4zhvnqb3vv2ikiy4wtts42haa",
                            "state": "AVAILABLE",
                            "time_created": "2018-07-26 05:49:59.511 +0000 UTC",
                            "vcn_id": "ocid1.vcn.oc1.phx.aaaaaaaamrwc455caq547a36t7hb43o5m3qqdmdek7ayrtnwmiwh6l7j4w6q"
                        },
                        "meta": {
                            "e2bfb730-ecaa-11e6-8f88-34363bc7c4c0": {
                                "create": 900000000000,
                                "delete": 900000000000,
                                "update": 900000000000
                            }
                        },
                        "tainted": false
                    },
                    "deposed": [],
                    "provider": "provider.oci"
                },
                "oci_core_security_list.Subnet": {
                    "type": "oci_core_security_list",
                    "depends_on": [
                        "oci_core_virtual_network.VCN"
                    ],
                    "primary": {
                        "id": "ocid1.securitylist.oc1.phx.aaaaaaaacdn3ra5i3yn4452z3jjhagvuoen7e4okgy6w22w6h4pith5sd4nq",
                        "attributes": {
                            "compartment_id": "ocid1.compartment.oc1..aaaaaaaawzlfllc7kkf62dzkes75urrxfxppz5fjphx27a7k5fk5jnzvyhiq",
                            "defined_tags.%": "0",
                            "display_name": "SecurityList",
                            "egress_security_rules.#": "1",
                            "egress_security_rules.799812519.destination": "0.0.0.0/0",
                            "egress_security_rules.799812519.destination_type": "CIDR_BLOCK",
                            "egress_security_rules.799812519.icmp_options.#": "0",
                            "egress_security_rules.799812519.protocol": "all",
                            "egress_security_rules.799812519.stateless": "false",
                            "egress_security_rules.799812519.tcp_options.#": "0",
                            "egress_security_rules.799812519.udp_options.#": "0",
                            "freeform_tags.%": "0",
                            "id": "ocid1.securitylist.oc1.phx.aaaaaaaacdn3ra5i3yn4452z3jjhagvuoen7e4okgy6w22w6h4pith5sd4nq",
                            "ingress_security_rules.#": "5",
                            "ingress_security_rules.1640248264.icmp_options.#": "0",
                            "ingress_security_rules.1640248264.protocol": "6",
                            "ingress_security_rules.1640248264.source": "0.0.0.0/0",
                            "ingress_security_rules.1640248264.source_type": "CIDR_BLOCK",
                            "ingress_security_rules.1640248264.stateless": "false",
                            "ingress_security_rules.1640248264.tcp_options.#": "1",
                            "ingress_security_rules.1640248264.tcp_options.0.max": "12888",
                            "ingress_security_rules.1640248264.tcp_options.0.min": "12888",
                            "ingress_security_rules.1640248264.tcp_options.0.source_port_range.#": "0",
                            "ingress_security_rules.1640248264.udp_options.#": "0",
                            "ingress_security_rules.2636826040.icmp_options.#": "0",
                            "ingress_security_rules.2636826040.protocol": "6",
                            "ingress_security_rules.2636826040.source": "0.0.0.0/0",
                            "ingress_security_rules.2636826040.source_type": "CIDR_BLOCK",
                            "ingress_security_rules.2636826040.stateless": "false",
                            "ingress_security_rules.2636826040.tcp_options.#": "1",
                            "ingress_security_rules.2636826040.tcp_options.0.max": "13888",
                            "ingress_security_rules.2636826040.tcp_options.0.min": "13888",
                            "ingress_security_rules.2636826040.tcp_options.0.source_port_range.#": "0",
                            "ingress_security_rules.2636826040.udp_options.#": "0",
                            "ingress_security_rules.2663409584.icmp_options.#": "0",
                            "ingress_security_rules.2663409584.protocol": "6",
                            "ingress_security_rules.2663409584.source": "0.0.0.0/0",
                            "ingress_security_rules.2663409584.source_type": "CIDR_BLOCK",
                            "ingress_security_rules.2663409584.stateless": "false",
                            "ingress_security_rules.2663409584.tcp_options.#": "1",
                            "ingress_security_rules.2663409584.tcp_options.0.max": "19092",
                            "ingress_security_rules.2663409584.tcp_options.0.min": "19092",
                            "ingress_security_rules.2663409584.tcp_options.0.source_port_range.#": "0",
                            "ingress_security_rules.2663409584.udp_options.#": "0",
                            "ingress_security_rules.47193274.icmp_options.#": "0",
                            "ingress_security_rules.47193274.protocol": "6",
                            "ingress_security_rules.47193274.source": "0.0.0.0/0",
                            "ingress_security_rules.47193274.source_type": "CIDR_BLOCK",
                            "ingress_security_rules.47193274.stateless": "false",
                            "ingress_security_rules.47193274.tcp_options.#": "1",
                            "ingress_security_rules.47193274.tcp_options.0.max": "22",
                            "ingress_security_rules.47193274.tcp_options.0.min": "22",
                            "ingress_security_rules.47193274.tcp_options.0.source_port_range.#": "0",
                            "ingress_security_rules.47193274.udp_options.#": "0",
                            "ingress_security_rules.777320426.icmp_options.#": "0",
                            "ingress_security_rules.777320426.protocol": "6",
                            "ingress_security_rules.777320426.source": "0.0.0.0/0",
                            "ingress_security_rules.777320426.source_type": "CIDR_BLOCK",
                            "ingress_security_rules.777320426.stateless": "false",
                            "ingress_security_rules.777320426.tcp_options.#": "1",
                            "ingress_security_rules.777320426.tcp_options.0.max": "12181",
                            "ingress_security_rules.777320426.tcp_options.0.min": "12181",
                            "ingress_security_rules.777320426.tcp_options.0.source_port_range.#": "0",
                            "ingress_security_rules.777320426.udp_options.#": "0",
                            "state": "AVAILABLE",
                            "time_created": "2018-07-26 05:49:58.869 +0000 UTC",
                            "vcn_id": "ocid1.vcn.oc1.phx.aaaaaaaamrwc455caq547a36t7hb43o5m3qqdmdek7ayrtnwmiwh6l7j4w6q"
                        },
                        "meta": {
                            "e2bfb730-ecaa-11e6-8f88-34363bc7c4c0": {
                                "create": 900000000000,
                                "delete": 900000000000,
                                "update": 900000000000
                            }
                        },
                        "tainted": false
                    },
                    "deposed": [],
                    "provider": "provider.oci"
                },
                "oci_core_subnet.SubnetAD.0": {
                    "type": "oci_core_subnet",
                    "depends_on": [
                        "data.template_file.ad_names.*",
                        "oci_core_route_table.RT",
                        "oci_core_security_list.Subnet",
                        "oci_core_virtual_network.VCN"
                    ],
                    "primary": {
                        "id": "ocid1.subnet.oc1.phx.aaaaaaaa2xxcqgvknzlsxj4lhws6yygohlfuehix6whzcxbvptc2lizv5w5q",
                        "attributes": {
                            "availability_domain": "NyKp:PHX-AD-1",
                            "cidr_block": "10.0.30.0/24",
                            "compartment_id": "ocid1.compartment.oc1..aaaaaaaawzlfllc7kkf62dzkes75urrxfxppz5fjphx27a7k5fk5jnzvyhiq",
                            "defined_tags.%": "0",
                            "dhcp_options_id": "ocid1.dhcpoptions.oc1.phx.aaaaaaaasjgva2tlrce5y5hqygdtibqqdgfsxkq77gawmofufpiv5arrgbya",
                            "display_name": "SubnetAD1",
                            "dns_label": "ad1",
                            "freeform_tags.%": "0",
                            "id": "ocid1.subnet.oc1.phx.aaaaaaaa2xxcqgvknzlsxj4lhws6yygohlfuehix6whzcxbvptc2lizv5w5q",
                            "prohibit_public_ip_on_vnic": "false",
                            "route_table_id": "ocid1.routetable.oc1.phx.aaaaaaaa22wp7rrgo2sic3gyjvdskank3n7z4rba7wiaw6nmomokz4ezqcha",
                            "security_list_ids.#": "1",
                            "security_list_ids.2483837824": "ocid1.securitylist.oc1.phx.aaaaaaaacdn3ra5i3yn4452z3jjhagvuoen7e4okgy6w22w6h4pith5sd4nq",
                            "state": "AVAILABLE",
                            "subnet_domain_name": "ad1.ocidns.oraclevcn.com",
                            "time_created": "2018-07-26 05:50:01.282 +0000 UTC",
                            "vcn_id": "ocid1.vcn.oc1.phx.aaaaaaaamrwc455caq547a36t7hb43o5m3qqdmdek7ayrtnwmiwh6l7j4w6q",
                            "virtual_router_ip": "10.0.30.1",
                            "virtual_router_mac": "00:00:17:2A:9A:97"
                        },
                        "meta": {
                            "e2bfb730-ecaa-11e6-8f88-34363bc7c4c0": {
                                "create": 900000000000,
                                "delete": 900000000000,
                                "update": 900000000000
                            }
                        },
                        "tainted": false
                    },
                    "deposed": [],
                    "provider": "provider.oci"
                },
                "oci_core_subnet.SubnetAD.1": {
                    "type": "oci_core_subnet",
                    "depends_on": [
                        "data.template_file.ad_names.*",
                        "oci_core_route_table.RT",
                        "oci_core_security_list.Subnet",
                        "oci_core_virtual_network.VCN"
                    ],
                    "primary": {
                        "id": "ocid1.subnet.oc1.phx.aaaaaaaaivc6uy2rmt3ehrxp5fwaoab2pytqbtzrwynsh3xukox3ueqwvw5a",
                        "attributes": {
                            "availability_domain": "NyKp:PHX-AD-2",
                            "cidr_block": "10.0.31.0/24",
                            "compartment_id": "ocid1.compartment.oc1..aaaaaaaawzlfllc7kkf62dzkes75urrxfxppz5fjphx27a7k5fk5jnzvyhiq",
                            "defined_tags.%": "0",
                            "dhcp_options_id": "ocid1.dhcpoptions.oc1.phx.aaaaaaaasjgva2tlrce5y5hqygdtibqqdgfsxkq77gawmofufpiv5arrgbya",
                            "display_name": "SubnetAD2",
                            "dns_label": "ad2",
                            "freeform_tags.%": "0",
                            "id": "ocid1.subnet.oc1.phx.aaaaaaaaivc6uy2rmt3ehrxp5fwaoab2pytqbtzrwynsh3xukox3ueqwvw5a",
                            "prohibit_public_ip_on_vnic": "false",
                            "route_table_id": "ocid1.routetable.oc1.phx.aaaaaaaa22wp7rrgo2sic3gyjvdskank3n7z4rba7wiaw6nmomokz4ezqcha",
                            "security_list_ids.#": "1",
                            "security_list_ids.2483837824": "ocid1.securitylist.oc1.phx.aaaaaaaacdn3ra5i3yn4452z3jjhagvuoen7e4okgy6w22w6h4pith5sd4nq",
                            "state": "AVAILABLE",
                            "subnet_domain_name": "ad2.ocidns.oraclevcn.com",
                            "time_created": "2018-07-26 05:50:00.585 +0000 UTC",
                            "vcn_id": "ocid1.vcn.oc1.phx.aaaaaaaamrwc455caq547a36t7hb43o5m3qqdmdek7ayrtnwmiwh6l7j4w6q",
                            "virtual_router_ip": "10.0.31.1",
                            "virtual_router_mac": "00:00:17:2A:9A:97"
                        },
                        "meta": {
                            "e2bfb730-ecaa-11e6-8f88-34363bc7c4c0": {
                                "create": 900000000000,
                                "delete": 900000000000,
                                "update": 900000000000
                            }
                        },
                        "tainted": false
                    },
                    "deposed": [],
                    "provider": "provider.oci"
                },
                "oci_core_subnet.SubnetAD.2": {
                    "type": "oci_core_subnet",
                    "depends_on": [
                        "data.template_file.ad_names.*",
                        "oci_core_route_table.RT",
                        "oci_core_security_list.Subnet",
                        "oci_core_virtual_network.VCN"
                    ],
                    "primary": {
                        "id": "ocid1.subnet.oc1.phx.aaaaaaaadvulufgo5hos26m4fhrrlce5e2ip3hzifptdevppfrt3k3jinzaa",
                        "attributes": {
                            "availability_domain": "NyKp:PHX-AD-3",
                            "cidr_block": "10.0.32.0/24",
                            "compartment_id": "ocid1.compartment.oc1..aaaaaaaawzlfllc7kkf62dzkes75urrxfxppz5fjphx27a7k5fk5jnzvyhiq",
                            "defined_tags.%": "0",
                            "dhcp_options_id": "ocid1.dhcpoptions.oc1.phx.aaaaaaaasjgva2tlrce5y5hqygdtibqqdgfsxkq77gawmofufpiv5arrgbya",
                            "display_name": "SubnetAD3",
                            "dns_label": "ad3",
                            "freeform_tags.%": "0",
                            "id": "ocid1.subnet.oc1.phx.aaaaaaaadvulufgo5hos26m4fhrrlce5e2ip3hzifptdevppfrt3k3jinzaa",
                            "prohibit_public_ip_on_vnic": "false",
                            "route_table_id": "ocid1.routetable.oc1.phx.aaaaaaaa22wp7rrgo2sic3gyjvdskank3n7z4rba7wiaw6nmomokz4ezqcha",
                            "security_list_ids.#": "1",
                            "security_list_ids.2483837824": "ocid1.securitylist.oc1.phx.aaaaaaaacdn3ra5i3yn4452z3jjhagvuoen7e4okgy6w22w6h4pith5sd4nq",
                            "state": "AVAILABLE",
                            "subnet_domain_name": "ad3.ocidns.oraclevcn.com",
                            "time_created": "2018-07-26 05:50:02.105 +0000 UTC",
                            "vcn_id": "ocid1.vcn.oc1.phx.aaaaaaaamrwc455caq547a36t7hb43o5m3qqdmdek7ayrtnwmiwh6l7j4w6q",
                            "virtual_router_ip": "10.0.32.1",
                            "virtual_router_mac": "00:00:17:2A:9A:97"
                        },
                        "meta": {
                            "e2bfb730-ecaa-11e6-8f88-34363bc7c4c0": {
                                "create": 900000000000,
                                "delete": 900000000000,
                                "update": 900000000000
                            }
                        },
                        "tainted": false
                    },
                    "deposed": [],
                    "provider": "provider.oci"
                },
                "oci_core_virtual_network.VCN": {
                    "type": "oci_core_virtual_network",
                    "depends_on": [],
                    "primary": {
                        "id": "ocid1.vcn.oc1.phx.aaaaaaaamrwc455caq547a36t7hb43o5m3qqdmdek7ayrtnwmiwh6l7j4w6q",
                        "attributes": {
                            "cidr_block": "10.0.0.0/16",
                            "compartment_id": "ocid1.compartment.oc1..aaaaaaaawzlfllc7kkf62dzkes75urrxfxppz5fjphx27a7k5fk5jnzvyhiq",
                            "default_dhcp_options_id": "ocid1.dhcpoptions.oc1.phx.aaaaaaaasjgva2tlrce5y5hqygdtibqqdgfsxkq77gawmofufpiv5arrgbya",
                            "default_route_table_id": "ocid1.routetable.oc1.phx.aaaaaaaacb24br2uw5fioteylx2no46efywcgc4ffijnuog5qrtprosnpwjq",
                            "default_security_list_id": "ocid1.securitylist.oc1.phx.aaaaaaaamluc5htiv5geqcfraeyepn7tzjfff655as3ygzuz3rgx63bpghyq",
                            "defined_tags.%": "0",
                            "display_name": "VCN",
                            "dns_label": "ocidns",
                            "freeform_tags.%": "0",
                            "id": "ocid1.vcn.oc1.phx.aaaaaaaamrwc455caq547a36t7hb43o5m3qqdmdek7ayrtnwmiwh6l7j4w6q",
                            "state": "AVAILABLE",
                            "time_created": "2018-07-26 05:49:57.523 +0000 UTC",
                            "vcn_domain_name": "ocidns.oraclevcn.com"
                        },
                        "meta": {
                            "e2bfb730-ecaa-11e6-8f88-34363bc7c4c0": {
                                "create": 900000000000,
                                "delete": 900000000000,
                                "update": 900000000000
                            }
                        },
                        "tainted": false
                    },
                    "deposed": [],
                    "provider": "provider.oci"
                }
            },
            "depends_on": []
        },
        {
            "path": [
                "root",
                "kafkas"
            ],
            "outputs": {
                "kafka_display_names": {
                    "sensitive": false,
                    "type": "list",
                    "value": [
                        "1",
                        "2",
                        "3"
                    ]
                },
                "kafka_instance_ids": {
                    "sensitive": false,
                    "type": "list",
                    "value": [
                        "ocid1.instance.oc1.phx.abyhqljseqdbw3u4xg4pm73zofvkhueml6d2jeye3znpzmqj72ieojtmy7oa",
                        "ocid1.instance.oc1.phx.abyhqljtlbvmi4payfjjs7ukz7tr3heuyjlgp2svrk3u7vbvflz6e4e4qv7a",
                        "ocid1.instance.oc1.phx.abyhqljrmneujd35cf6u4i26h7457ejdlw354yxv5tmf3bccdt5zv52xbafq"
                    ]
                },
                "kafka_private_ips": {
                    "sensitive": false,
                    "type": "list",
                    "value": [
                        "10.0.30.2",
                        "10.0.31.2",
                        "10.0.32.2"
                    ]
                },
                "kafka_public_ips": {
                    "sensitive": false,
                    "type": "list",
                    "value": [
                        "129.146.74.154",
                        "129.146.133.253",
                        "129.146.70.244"
                    ]
                }
            },
            "resources": {
                "data.template_file.setup_kafka_cluster": {
                    "type": "template_file",
                    "depends_on": [
                        "local.display_names_list_tmp_str",
                        "local.public_ips_list_tmp_str"
                    ],
                    "primary": {
                        "id": "941998eb4e80c28ba4a7b15fb8c0a6ce99fdea0c738ebb55afa6cc6b343acb54",
                        "attributes": {
                            "id": "941998eb4e80c28ba4a7b15fb8c0a6ce99fdea0c738ebb55afa6cc6b343acb54",
                            "rendered": "#!/bin/bash\nset -e -x\necho \"=========================================================================\"\necho \"Begin to config Kafka\"\necho \"cluster_ip_list:129.146.74.154 129.146.133.253 129.146.70.244\"\necho \"cluster_display_name_list:1 2 3\"\necho \"number:3\"\n#OLD_IFS=\"$IFS\"\n#IFS=\",\"\n#arr=(129.146.74.154 129.146.133.253 129.146.70.244)\nip_arr=(129.146.74.154 129.146.133.253 129.146.70.244)\nname_arr=(1 2 3)\n#IFS=\"$OLD_IFS\"\narr_length=3\necho \"ip_arr:$ip_arr\"\necho \"name_arr:$name_arr\"\necho \"arr_length:$arr_length\"\nfor((i=1;i\u003c=$arr_length;i++));\ndo\n  ip=$abc{ip_arr[i-1]abc}\n  name=$abc{name_arr[i-1]abc}\n  echo \"ip:$ip\"\n  echo \"name:$name\"\n  sudo sed -i \"s/server.$name=$name.$name.$name.$name/server.$name=$ip/g\" /home/opc/opt/zookeeper/zookeeper-3.4.10/conf/zoo.cfg\n  sudo sed -i \"s/$name.$name.$name.$name/$ip/g\" /home/opc/opt/kafka/kafka_2.12-1.1.0/config/server.properties\ndone\n\ncd /home/opc/opt/zookeeper\nnohup ./zookeeper-3.4.10/bin/zkServer.sh start \u003e /home/opc/zookeeper.out 2\u003e\u00261 \u0026\n\nsleep 60\nnohup /home/opc/opt/kafka/kafka_2.12-1.1.0/bin/kafka-server-start.sh /home/opc/opt/kafka/kafka_2.12-1.1.0/config/server.properties \u003e /home/opc/kafka.out 2\u003e\u00261 \u0026\nsleep 10\necho \"=========================================================================\"\necho \"End to config Kafka\"\n",
                            "template": "#!/bin/bash\nset -e -x\necho \"=========================================================================\"\necho \"Begin to config Kafka\"\necho \"cluster_ip_list:${cluster_ip_list}\"\necho \"cluster_display_name_list:${cluster_display_name_list}\"\necho \"number:${number}\"\n#OLD_IFS=\"$IFS\"\n#IFS=\",\"\n#arr=(${cluster_ip_list})\nip_arr=(${cluster_ip_list})\nname_arr=(${cluster_display_name_list})\n#IFS=\"$OLD_IFS\"\narr_length=${number}\necho \"ip_arr:$ip_arr\"\necho \"name_arr:$name_arr\"\necho \"arr_length:$arr_length\"\nfor((i=1;i\u003c=$arr_length;i++));\ndo\n  ip=$abc{ip_arr[i-1]abc}\n  name=$abc{name_arr[i-1]abc}\n  echo \"ip:$ip\"\n  echo \"name:$name\"\n  sudo sed -i \"s/server.$name=$name.$name.$name.$name/server.$name=$ip/g\" /home/opc/opt/zookeeper/zookeeper-3.4.10/conf/zoo.cfg\n  sudo sed -i \"s/$name.$name.$name.$name/$ip/g\" /home/opc/opt/kafka/kafka_2.12-1.1.0/config/server.properties\ndone\n\ncd /home/opc/opt/zookeeper\nnohup ./zookeeper-3.4.10/bin/zkServer.sh start \u003e /home/opc/zookeeper.out 2\u003e\u00261 \u0026\n\nsleep 60\nnohup /home/opc/opt/kafka/kafka_2.12-1.1.0/bin/kafka-server-start.sh /home/opc/opt/kafka/kafka_2.12-1.1.0/config/server.properties \u003e /home/opc/kafka.out 2\u003e\u00261 \u0026\nsleep 10\necho \"=========================================================================\"\necho \"End to config Kafka\"\n",
                            "vars.%": "3",
                            "vars.cluster_display_name_list": "1 2 3",
                            "vars.cluster_ip_list": "129.146.74.154 129.146.133.253 129.146.70.244",
                            "vars.number": "3"
                        },
                        "meta": {},
                        "tainted": false
                    },
                    "deposed": [],
                    "provider": "provider.template"
                },
                "null_resource.remote-exec-cluster-setup.0": {
                    "type": "null_resource",
                    "depends_on": [
                        "data.template_file.setup_kafka_cluster",
                        "module.kafka-instance"
                    ],
                    "primary": {
                        "id": "3040063808292898105",
                        "attributes": {
                            "id": "3040063808292898105"
                        },
                        "meta": {},
                        "tainted": false
                    },
                    "deposed": [],
                    "provider": "provider.null"
                },
                "null_resource.remote-exec-cluster-setup.1": {
                    "type": "null_resource",
                    "depends_on": [
                        "data.template_file.setup_kafka_cluster",
                        "module.kafka-instance"
                    ],
                    "primary": {
                        "id": "4112580150954412828",
                        "attributes": {
                            "id": "4112580150954412828"
                        },
                        "meta": {},
                        "tainted": false
                    },
                    "deposed": [],
                    "provider": "provider.null"
                },
                "null_resource.remote-exec-cluster-setup.2": {
                    "type": "null_resource",
                    "depends_on": [
                        "data.template_file.setup_kafka_cluster",
                        "module.kafka-instance"
                    ],
                    "primary": {
                        "id": "1315021999839403594",
                        "attributes": {
                            "id": "1315021999839403594"
                        },
                        "meta": {},
                        "tainted": false
                    },
                    "deposed": [],
                    "provider": "provider.null"
                }
            },
            "depends_on": []
        },
        {
            "path": [
                "root",
                "kafkas",
                "kafka-instance"
            ],
            "outputs": {
                "display_names": {
                    "sensitive": false,
                    "type": "list",
                    "value": [
                        "1",
                        "2",
                        "3"
                    ]
                },
                "ids": {
                    "sensitive": false,
                    "type": "list",
                    "value": [
                        "ocid1.instance.oc1.phx.abyhqljseqdbw3u4xg4pm73zofvkhueml6d2jeye3znpzmqj72ieojtmy7oa",
                        "ocid1.instance.oc1.phx.abyhqljtlbvmi4payfjjs7ukz7tr3heuyjlgp2svrk3u7vbvflz6e4e4qv7a",
                        "ocid1.instance.oc1.phx.abyhqljrmneujd35cf6u4i26h7457ejdlw354yxv5tmf3bccdt5zv52xbafq"
                    ]
                },
                "private_ips": {
                    "sensitive": false,
                    "type": "list",
                    "value": [
                        "10.0.30.2",
                        "10.0.31.2",
                        "10.0.32.2"
                    ]
                },
                "public_ips": {
                    "sensitive": false,
                    "type": "list",
                    "value": [
                        "129.146.74.154",
                        "129.146.133.253",
                        "129.146.70.244"
                    ]
                }
            },
            "resources": {
                "data.template_file.kafka_setup": {
                    "type": "template_file",
                    "depends_on": [],
                    "primary": {
                        "id": "f583eed77fe5c622e52651f04e0fdcd69a5c806c67c74e1e408f1578b5a18cf9",
                        "attributes": {
                            "id": "f583eed77fe5c622e52651f04e0fdcd69a5c806c67c74e1e408f1578b5a18cf9",
                            "rendered": "#!/bin/bash\nset -e -x\nfunction installJava() {\n  echo \"=======================================================================\"\n  echo \"Begin to install Java\"\n\n  sudo yum -y install java-1.8.0-openjdk*\n  java_version=`java -version 2\u003e\u00261 \u003e/dev/null | grep 'version' | awk '{print $3}'`\n  echo $java_version\n  if [[ $java_version == \"\\\"1.8.0_\"* ]] ;\n    then\n      echo \"Install java success.\"\n    else\n      echo \"Failed to install java.\"\n    fi\n\n  echo \"=======================================================================\"\n}\n\n\nfunction installZookeeper() {\n  echo \"=========================================================================\"\n  echo \"Begin to install Zookeeper\"\n\n  cd ~\n  mkdir opt\n  cd ~/opt\n  mkdir zookeeper\n  cd ~/opt/zookeeper/\n  mkdir zkdata\n  mkdir zkdatalog\n  wget http://mirrors.cnnic.cn/apache/zookeeper/zookeeper-3.4.10/zookeeper-3.4.10.tar.gz\n  tar -zxvf zookeeper-3.4.10.tar.gz\n  cd ~/opt/zookeeper/zookeeper-3.4.10/conf\n  cp zoo_sample.cfg zoo.cfg\n\n  echo \"zookeeper_client_port:12181\"\n  echo \"zookeeper_internal_port:12888\"\n  echo \"zookeeper_poll_port:13888\"\n  echo \"number_of_kafka:3\"\n  echo \"displya_name:$1\"\n\n  sudo firewall-cmd --zone=public --add-port=12181/tcp --permanent\n  sudo firewall-cmd --zone=public --add-port=12888/tcp --permanent\n  sudo firewall-cmd --zone=public --add-port=13888/tcp --permanent\n  sudo firewall-cmd --reload\n\n  chmod 666 zoo.cfg\n\n  sed -i  's/dataDir=\\/tmp\\/zookeeper/dataDir=\\/home\\/opc\\/opt\\/zookeeper\\/zkdata/g' zoo.cfg\n  sed -i \"s/clientPort=2181/clientPort=12181/g\" zoo.cfg\n  echo 'dataLogDir=/home/opc/opt/zookeeper/zkdatalog' \u003e\u003e zoo.cfg\n\n  for i in `seq 3`\n    do\n      if((i==$1))\n      then\n        echo \"server.$i=0.0.0.0:12888:13888\" \u003e\u003e zoo.cfg\n        continue\n      else\n        echo \"server.$i=$i.$i.$i.$i:12888:13888\" \u003e\u003e zoo.cfg\n        continue\n      fi\n  done\n\n  sudo echo \"$1\" \u003e ~/opt/zookeeper/zkdata/myid\n\n}\n\nfunction installkafka() {\n  echo \"=========================================================================\"\n  echo \"Begin to install Kafka\"\n\n  cd ~/opt\n  mkdir kafka\n  cd kafka\n  mkdir kafkalogs\n  wget http://ftp.jaist.ac.jp/pub/apache/kafka/1.1.0/kafka_2.12-1.1.0.tgz\n  tar -xzf kafka_2.12-1.1.0.tgz\n  cd ~/opt/kafka/kafka_2.12-1.1.0/config/\n\n  echo \"kafka_client_port:19092\"\n  echo \"number_of_kafka:3\"\n\n  sudo firewall-cmd --zone=public --add-port=19092/tcp --permanent\n  sudo firewall-cmd --reload\n\n  chmod 666 server.properties\n\n  sed -i  \"s/broker.id=0/broker.id=$1/g\" server.properties\n  sed -i \"s/log.dirs=\\/tmp\\/kafka-logs/log.dirs=\\/home\\/opc\\/opt\\/kafka\\/kafkalogs/g\" server.properties\n  echo '' \u003e\u003eserver.properties\n  echo \"port=19092\" \u003e\u003e server.properties\n  echo 'message.max.byte=5242880' \u003e\u003e server.properties\n  echo 'default.replication.factor=2' \u003e\u003e server.properties\n  echo 'replica.fetch.max.bytes=5242880' \u003e\u003e server.properties\n\n  zookeeperConn=\"\"\n  for i in `seq 3`\n    do\n      if((i\u003c3))\n      then\n        zookeeperConn=$zookeeperConn$i.$i.$i.$i:12181,\n        continue\n      else\n        zookeeperConn=$zookeeperConn$i.$i.$i.$i:12181\n        continue\n      fi\n  done\n\n  echo \"zookeeperConn is $zookeeperConn\"\n  sed -i \"s/zookeeper.connect=localhost:2181/zookeeper.connect=$zookeeperConn/g\" server.properties\n\n}\n\necho \"===================================================================================\"\necho \"Begin to setup kafka instance\"\necho \"aaa:$#\"\necho \"aaa:$*\"\necho \"aaa:$1\"\n\n# Install Java\ninstallJava\n\n#Install Zookeeper\ninstallZookeeper $1\n\n#Install Zookeeper\ninstallkafka $1\n\necho \"End to setup kafka instance\"\necho \"===================================================================================\"\n",
                            "template": "#!/bin/bash\nset -e -x\nfunction installJava() {\n  echo \"=======================================================================\"\n  echo \"Begin to install Java\"\n\n  sudo yum -y install java-1.8.0-openjdk*\n  java_version=`java -version 2\u003e\u00261 \u003e/dev/null | grep 'version' | awk '{print $3}'`\n  echo $java_version\n  if [[ $java_version == \"\\\"1.8.0_\"* ]] ;\n    then\n      echo \"Install java success.\"\n    else\n      echo \"Failed to install java.\"\n    fi\n\n  echo \"=======================================================================\"\n}\n\n\nfunction installZookeeper() {\n  echo \"=========================================================================\"\n  echo \"Begin to install Zookeeper\"\n\n  cd ~\n  mkdir opt\n  cd ~/opt\n  mkdir zookeeper\n  cd ~/opt/zookeeper/\n  mkdir zkdata\n  mkdir zkdatalog\n  wget http://mirrors.cnnic.cn/apache/zookeeper/zookeeper-3.4.10/zookeeper-3.4.10.tar.gz\n  tar -zxvf zookeeper-3.4.10.tar.gz\n  cd ~/opt/zookeeper/zookeeper-3.4.10/conf\n  cp zoo_sample.cfg zoo.cfg\n\n  echo \"zookeeper_client_port:${zookeeper_client_port}\"\n  echo \"zookeeper_internal_port:${zookeeper_internal_port}\"\n  echo \"zookeeper_poll_port:${zookeeper_poll_port}\"\n  echo \"number_of_kafka:${number_of_kafka}\"\n  echo \"displya_name:$1\"\n\n  sudo firewall-cmd --zone=public --add-port=${zookeeper_client_port}/tcp --permanent\n  sudo firewall-cmd --zone=public --add-port=${zookeeper_internal_port}/tcp --permanent\n  sudo firewall-cmd --zone=public --add-port=${zookeeper_poll_port}/tcp --permanent\n  sudo firewall-cmd --reload\n\n  chmod 666 zoo.cfg\n\n  sed -i  's/dataDir=\\/tmp\\/zookeeper/dataDir=\\/home\\/opc\\/opt\\/zookeeper\\/zkdata/g' zoo.cfg\n  sed -i \"s/clientPort=2181/clientPort=${zookeeper_client_port}/g\" zoo.cfg\n  echo 'dataLogDir=/home/opc/opt/zookeeper/zkdatalog' \u003e\u003e zoo.cfg\n\n  for i in `seq ${number_of_kafka}`\n    do\n      if((i==$1))\n      then\n        echo \"server.$i=0.0.0.0:${zookeeper_internal_port}:${zookeeper_poll_port}\" \u003e\u003e zoo.cfg\n        continue\n      else\n        echo \"server.$i=$i.$i.$i.$i:${zookeeper_internal_port}:${zookeeper_poll_port}\" \u003e\u003e zoo.cfg\n        continue\n      fi\n  done\n\n  sudo echo \"$1\" \u003e ~/opt/zookeeper/zkdata/myid\n\n}\n\nfunction installkafka() {\n  echo \"=========================================================================\"\n  echo \"Begin to install Kafka\"\n\n  cd ~/opt\n  mkdir kafka\n  cd kafka\n  mkdir kafkalogs\n  wget http://ftp.jaist.ac.jp/pub/apache/kafka/1.1.0/kafka_2.12-1.1.0.tgz\n  tar -xzf kafka_2.12-1.1.0.tgz\n  cd ~/opt/kafka/kafka_2.12-1.1.0/config/\n\n  echo \"kafka_client_port:${kafka_client_port}\"\n  echo \"number_of_kafka:${number_of_kafka}\"\n\n  sudo firewall-cmd --zone=public --add-port=${kafka_client_port}/tcp --permanent\n  sudo firewall-cmd --reload\n\n  chmod 666 server.properties\n\n  sed -i  \"s/broker.id=0/broker.id=$1/g\" server.properties\n  sed -i \"s/log.dirs=\\/tmp\\/kafka-logs/log.dirs=\\/home\\/opc\\/opt\\/kafka\\/kafkalogs/g\" server.properties\n  echo '' \u003e\u003eserver.properties\n  echo \"port=${kafka_client_port}\" \u003e\u003e server.properties\n  echo 'message.max.byte=5242880' \u003e\u003e server.properties\n  echo 'default.replication.factor=2' \u003e\u003e server.properties\n  echo 'replica.fetch.max.bytes=5242880' \u003e\u003e server.properties\n\n  zookeeperConn=\"\"\n  for i in `seq ${number_of_kafka}`\n    do\n      if((i\u003c${number_of_kafka}))\n      then\n        zookeeperConn=$zookeeperConn$i.$i.$i.$i:${zookeeper_client_port},\n        continue\n      else\n        zookeeperConn=$zookeeperConn$i.$i.$i.$i:${zookeeper_client_port}\n        continue\n      fi\n  done\n\n  echo \"zookeeperConn is $zookeeperConn\"\n  sed -i \"s/zookeeper.connect=localhost:2181/zookeeper.connect=$zookeeperConn/g\" server.properties\n\n}\n\necho \"===================================================================================\"\necho \"Begin to setup kafka instance\"\necho \"aaa:$#\"\necho \"aaa:$*\"\necho \"aaa:$1\"\n\n# Install Java\ninstallJava\n\n#Install Zookeeper\ninstallZookeeper $1\n\n#Install Zookeeper\ninstallkafka $1\n\necho \"End to setup kafka instance\"\necho \"===================================================================================\"\n",
                            "vars.%": "5",
                            "vars.kafka_client_port": "19092",
                            "vars.number_of_kafka": "3",
                            "vars.zookeeper_client_port": "12181",
                            "vars.zookeeper_internal_port": "12888",
                            "vars.zookeeper_poll_port": "13888"
                        },
                        "meta": {},
                        "tainted": false
                    },
                    "deposed": [],
                    "provider": "provider.template"
                },
                "oci_core_instance.TFKafkaNode.0": {
                    "type": "oci_core_instance",
                    "depends_on": [
                        "data.template_file.kafka_setup"
                    ],
                    "primary": {
                        "id": "ocid1.instance.oc1.phx.abyhqljseqdbw3u4xg4pm73zofvkhueml6d2jeye3znpzmqj72ieojtmy7oa",
                        "attributes": {
                            "availability_domain": "NyKp:PHX-AD-1",
                            "boot_volume_id": "ocid1.bootvolume.oc1.phx.abyhqljs2d44nxbj5svcxxew2zysuyhkxxqmrajlzv2wr25c4dd6erl523va",
                            "compartment_id": "ocid1.compartment.oc1..aaaaaaaawzlfllc7kkf62dzkes75urrxfxppz5fjphx27a7k5fk5jnzvyhiq",
                            "create_vnic_details.#": "1",
                            "create_vnic_details.0.assign_public_ip": "true",
                            "create_vnic_details.0.defined_tags.%": "0",
                            "create_vnic_details.0.display_name": "1",
                            "create_vnic_details.0.freeform_tags.%": "0",
                            "create_vnic_details.0.hostname_label": "host-10-0-30-2",
                            "create_vnic_details.0.private_ip": "10.0.30.2",
                            "create_vnic_details.0.skip_source_dest_check": "false",
                            "create_vnic_details.0.subnet_id": "ocid1.subnet.oc1.phx.aaaaaaaa2xxcqgvknzlsxj4lhws6yygohlfuehix6whzcxbvptc2lizv5w5q",
                            "defined_tags.%": "0",
                            "display_name": "1",
                            "freeform_tags.%": "0",
                            "hostname_label": "host-10-0-30-2",
                            "id": "ocid1.instance.oc1.phx.abyhqljseqdbw3u4xg4pm73zofvkhueml6d2jeye3znpzmqj72ieojtmy7oa",
                            "image": "ocid1.image.oc1.phx.aaaaaaaaxyc7rpmh3v4yyuxcdjndofxuuus4iwd7a7wjc63u2ykycojr5djq",
                            "launch_mode": "NATIVE",
                            "launch_options.#": "1",
                            "launch_options.0.boot_volume_type": "ISCSI",
                            "launch_options.0.firmware": "UEFI_64",
                            "launch_options.0.network_type": "VFIO",
                            "launch_options.0.remote_data_volume_type": "PARAVIRTUALIZED",
                            "metadata.%": "1",
                            "metadata.ssh_authorized_keys": "ssh-rsa AAAAB3NzaC1yc2EAAAADAQABAAACAQDNDcmroYnfnm1mFxHDCRQdiVfEKmMt6C+XMqbiV2GsjzsVcPPnggwZ+Bnl+yr3zRPvhC4IzKw+xRFOhEP5mOrp8Tx86HYNkQd+zwEhlp0kz9hrToZQK6CMv6+gaJt2UG6D7K5vjQ6F52UQvo29gimQ8Fmo/1DPpSV2hxKdooyqdCq1+G90C6qLlem/v9LkCkGMUbM+b5xktXmMAOQOYRM7J3O0Alo7nAkc8qHxeI9nFh4W0Aa09fkL5mN9lTfaWuud2V2ov7Ev5/brtjdpgTyd/Ip4cEz+rPZ++GKR0kS1NCKGZbQboApkFbKUT2ElsZ3Ovw0d8XpjOzTpKUclCskf6nZbwLOdS1MdfmLfHPNPYIyBYgAXBQn8GYZnjulwI8mzymW+mByITYQufsGt1ZeEOSg/tWQF7tzDMKPUcttyzjdePzV5rlHgvAfgpSOM3ljMWXAnSgr4jsHVBeEtycl7EJDMByzYZjmmUfYpLN1HP6+NsOzqx7XhjfC47Wc7ygg2JJRFoMRTLRxnonG6YuJtEGl7LHUdCTNgjpMcdX22fZ/LVIqwtz5V3pzFSYef7c7D4kRRueh9v1orhacCIbHUznbMPRGmUFNUw74fQtfc5NzIqmhDyT6a7vI2HfJGeSDAqcgYTWPipBt7/ne6nhd0xF4xl5GcpQdDS04K0lPpTQ== jin.xu@oracle.com\n",
                            "private_ip": "10.0.30.2",
                            "public_ip": "129.146.74.154",
                            "region": "phx",
                            "shape": "VM.Standard1.1",
                            "source_details.#": "1",
                            "source_details.0.boot_volume_size_in_gbs": "47",
                            "source_details.0.source_id": "ocid1.image.oc1.phx.aaaaaaaaxyc7rpmh3v4yyuxcdjndofxuuus4iwd7a7wjc63u2ykycojr5djq",
                            "source_details.0.source_type": "image",
                            "state": "RUNNING",
                            "subnet_id": "ocid1.subnet.oc1.phx.aaaaaaaa2xxcqgvknzlsxj4lhws6yygohlfuehix6whzcxbvptc2lizv5w5q",
                            "time_created": "2018-07-26 05:50:04.525 +0000 UTC"
                        },
                        "meta": {
                            "e2bfb730-ecaa-11e6-8f88-34363bc7c4c0": {
                                "create": 7200000000000,
                                "delete": 7200000000000,
                                "update": 7200000000000
                            }
                        },
                        "tainted": false
                    },
                    "deposed": [],
                    "provider": "provider.oci"
                },
                "oci_core_instance.TFKafkaNode.1": {
                    "type": "oci_core_instance",
                    "depends_on": [
                        "data.template_file.kafka_setup"
                    ],
                    "primary": {
                        "id": "ocid1.instance.oc1.phx.abyhqljtlbvmi4payfjjs7ukz7tr3heuyjlgp2svrk3u7vbvflz6e4e4qv7a",
                        "attributes": {
                            "availability_domain": "NyKp:PHX-AD-2",
                            "boot_volume_id": "ocid1.bootvolume.oc1.phx.abyhqljtfzhfszf432u3skhm3mfazhgkg3bhkhqeo2yr6nrm5qnuid6qqhfa",
                            "compartment_id": "ocid1.compartment.oc1..aaaaaaaawzlfllc7kkf62dzkes75urrxfxppz5fjphx27a7k5fk5jnzvyhiq",
                            "create_vnic_details.#": "1",
                            "create_vnic_details.0.assign_public_ip": "true",
                            "create_vnic_details.0.defined_tags.%": "0",
                            "create_vnic_details.0.display_name": "2",
                            "create_vnic_details.0.freeform_tags.%": "0",
                            "create_vnic_details.0.hostname_label": "host-10-0-31-2",
                            "create_vnic_details.0.private_ip": "10.0.31.2",
                            "create_vnic_details.0.skip_source_dest_check": "false",
                            "create_vnic_details.0.subnet_id": "ocid1.subnet.oc1.phx.aaaaaaaaivc6uy2rmt3ehrxp5fwaoab2pytqbtzrwynsh3xukox3ueqwvw5a",
                            "defined_tags.%": "0",
                            "display_name": "2",
                            "freeform_tags.%": "0",
                            "hostname_label": "host-10-0-31-2",
                            "id": "ocid1.instance.oc1.phx.abyhqljtlbvmi4payfjjs7ukz7tr3heuyjlgp2svrk3u7vbvflz6e4e4qv7a",
                            "image": "ocid1.image.oc1.phx.aaaaaaaaxyc7rpmh3v4yyuxcdjndofxuuus4iwd7a7wjc63u2ykycojr5djq",
                            "launch_mode": "NATIVE",
                            "launch_options.#": "1",
                            "launch_options.0.boot_volume_type": "ISCSI",
                            "launch_options.0.firmware": "UEFI_64",
                            "launch_options.0.network_type": "VFIO",
                            "launch_options.0.remote_data_volume_type": "PARAVIRTUALIZED",
                            "metadata.%": "1",
                            "metadata.ssh_authorized_keys": "ssh-rsa AAAAB3NzaC1yc2EAAAADAQABAAACAQDNDcmroYnfnm1mFxHDCRQdiVfEKmMt6C+XMqbiV2GsjzsVcPPnggwZ+Bnl+yr3zRPvhC4IzKw+xRFOhEP5mOrp8Tx86HYNkQd+zwEhlp0kz9hrToZQK6CMv6+gaJt2UG6D7K5vjQ6F52UQvo29gimQ8Fmo/1DPpSV2hxKdooyqdCq1+G90C6qLlem/v9LkCkGMUbM+b5xktXmMAOQOYRM7J3O0Alo7nAkc8qHxeI9nFh4W0Aa09fkL5mN9lTfaWuud2V2ov7Ev5/brtjdpgTyd/Ip4cEz+rPZ++GKR0kS1NCKGZbQboApkFbKUT2ElsZ3Ovw0d8XpjOzTpKUclCskf6nZbwLOdS1MdfmLfHPNPYIyBYgAXBQn8GYZnjulwI8mzymW+mByITYQufsGt1ZeEOSg/tWQF7tzDMKPUcttyzjdePzV5rlHgvAfgpSOM3ljMWXAnSgr4jsHVBeEtycl7EJDMByzYZjmmUfYpLN1HP6+NsOzqx7XhjfC47Wc7ygg2JJRFoMRTLRxnonG6YuJtEGl7LHUdCTNgjpMcdX22fZ/LVIqwtz5V3pzFSYef7c7D4kRRueh9v1orhacCIbHUznbMPRGmUFNUw74fQtfc5NzIqmhDyT6a7vI2HfJGeSDAqcgYTWPipBt7/ne6nhd0xF4xl5GcpQdDS04K0lPpTQ== jin.xu@oracle.com\n",
                            "private_ip": "10.0.31.2",
                            "public_ip": "129.146.133.253",
                            "region": "phx",
                            "shape": "VM.Standard1.1",
                            "source_details.#": "1",
                            "source_details.0.boot_volume_size_in_gbs": "47",
                            "source_details.0.source_id": "ocid1.image.oc1.phx.aaaaaaaaxyc7rpmh3v4yyuxcdjndofxuuus4iwd7a7wjc63u2ykycojr5djq",
                            "source_details.0.source_type": "image",
                            "state": "RUNNING",
                            "subnet_id": "ocid1.subnet.oc1.phx.aaaaaaaaivc6uy2rmt3ehrxp5fwaoab2pytqbtzrwynsh3xukox3ueqwvw5a",
                            "time_created": "2018-07-26 05:50:07.171 +0000 UTC"
                        },
                        "meta": {
                            "e2bfb730-ecaa-11e6-8f88-34363bc7c4c0": {
                                "create": 7200000000000,
                                "delete": 7200000000000,
                                "update": 7200000000000
                            }
                        },
                        "tainted": false
                    },
                    "deposed": [],
                    "provider": "provider.oci"
                },
                "oci_core_instance.TFKafkaNode.2": {
                    "type": "oci_core_instance",
                    "depends_on": [
                        "data.template_file.kafka_setup"
                    ],
                    "primary": {
                        "id": "ocid1.instance.oc1.phx.abyhqljrmneujd35cf6u4i26h7457ejdlw354yxv5tmf3bccdt5zv52xbafq",
                        "attributes": {
                            "availability_domain": "NyKp:PHX-AD-3",
                            "boot_volume_id": "ocid1.bootvolume.oc1.phx.abyhqljrxyx73gc7hn4xffk43hz4lckvxaxsoppxsicdjssxtrxptwp525ba",
                            "compartment_id": "ocid1.compartment.oc1..aaaaaaaawzlfllc7kkf62dzkes75urrxfxppz5fjphx27a7k5fk5jnzvyhiq",
                            "create_vnic_details.#": "1",
                            "create_vnic_details.0.assign_public_ip": "true",
                            "create_vnic_details.0.defined_tags.%": "0",
                            "create_vnic_details.0.display_name": "3",
                            "create_vnic_details.0.freeform_tags.%": "0",
                            "create_vnic_details.0.hostname_label": "host-10-0-32-2",
                            "create_vnic_details.0.private_ip": "10.0.32.2",
                            "create_vnic_details.0.skip_source_dest_check": "false",
                            "create_vnic_details.0.subnet_id": "ocid1.subnet.oc1.phx.aaaaaaaadvulufgo5hos26m4fhrrlce5e2ip3hzifptdevppfrt3k3jinzaa",
                            "defined_tags.%": "0",
                            "display_name": "3",
                            "freeform_tags.%": "0",
                            "hostname_label": "host-10-0-32-2",
                            "id": "ocid1.instance.oc1.phx.abyhqljrmneujd35cf6u4i26h7457ejdlw354yxv5tmf3bccdt5zv52xbafq",
                            "image": "ocid1.image.oc1.phx.aaaaaaaaxyc7rpmh3v4yyuxcdjndofxuuus4iwd7a7wjc63u2ykycojr5djq",
                            "launch_mode": "NATIVE",
                            "launch_options.#": "1",
                            "launch_options.0.boot_volume_type": "ISCSI",
                            "launch_options.0.firmware": "UEFI_64",
                            "launch_options.0.network_type": "VFIO",
                            "launch_options.0.remote_data_volume_type": "PARAVIRTUALIZED",
                            "metadata.%": "1",
                            "metadata.ssh_authorized_keys": "ssh-rsa AAAAB3NzaC1yc2EAAAADAQABAAACAQDNDcmroYnfnm1mFxHDCRQdiVfEKmMt6C+XMqbiV2GsjzsVcPPnggwZ+Bnl+yr3zRPvhC4IzKw+xRFOhEP5mOrp8Tx86HYNkQd+zwEhlp0kz9hrToZQK6CMv6+gaJt2UG6D7K5vjQ6F52UQvo29gimQ8Fmo/1DPpSV2hxKdooyqdCq1+G90C6qLlem/v9LkCkGMUbM+b5xktXmMAOQOYRM7J3O0Alo7nAkc8qHxeI9nFh4W0Aa09fkL5mN9lTfaWuud2V2ov7Ev5/brtjdpgTyd/Ip4cEz+rPZ++GKR0kS1NCKGZbQboApkFbKUT2ElsZ3Ovw0d8XpjOzTpKUclCskf6nZbwLOdS1MdfmLfHPNPYIyBYgAXBQn8GYZnjulwI8mzymW+mByITYQufsGt1ZeEOSg/tWQF7tzDMKPUcttyzjdePzV5rlHgvAfgpSOM3ljMWXAnSgr4jsHVBeEtycl7EJDMByzYZjmmUfYpLN1HP6+NsOzqx7XhjfC47Wc7ygg2JJRFoMRTLRxnonG6YuJtEGl7LHUdCTNgjpMcdX22fZ/LVIqwtz5V3pzFSYef7c7D4kRRueh9v1orhacCIbHUznbMPRGmUFNUw74fQtfc5NzIqmhDyT6a7vI2HfJGeSDAqcgYTWPipBt7/ne6nhd0xF4xl5GcpQdDS04K0lPpTQ== jin.xu@oracle.com\n",
                            "private_ip": "10.0.32.2",
                            "public_ip": "129.146.70.244",
                            "region": "phx",
                            "shape": "VM.Standard1.1",
                            "source_details.#": "1",
                            "source_details.0.boot_volume_size_in_gbs": "47",
                            "source_details.0.source_id": "ocid1.image.oc1.phx.aaaaaaaaxyc7rpmh3v4yyuxcdjndofxuuus4iwd7a7wjc63u2ykycojr5djq",
                            "source_details.0.source_type": "image",
                            "state": "RUNNING",
                            "subnet_id": "ocid1.subnet.oc1.phx.aaaaaaaadvulufgo5hos26m4fhrrlce5e2ip3hzifptdevppfrt3k3jinzaa",
                            "time_created": "2018-07-26 05:50:04.649 +0000 UTC"
                        },
                        "meta": {
                            "e2bfb730-ecaa-11e6-8f88-34363bc7c4c0": {
                                "create": 7200000000000,
                                "delete": 7200000000000,
                                "update": 7200000000000
                            }
                        },
                        "tainted": false
                    },
                    "deposed": [],
                    "provider": "provider.oci"
                }
            },
            "depends_on": []
        }
    ]
}
